
Microsoft Visual Studio Solution File, Format Version 12.00
# Visual Studio 15
VisualStudioVersion = 15.0.27130.2024
MinimumVisualStudioVersion = 10.0.40219.1
Project("{FAE04EC0-301F-11D3-BF4B-00C04F79EFBC}") = "Test", "Test\Test.csproj", "{49F6C896-C6F1-4FFC-8F4A-A128CCC9B277}"
EndProject
Project("{FAE04EC0-301F-11D3-BF4B-00C04F79EFBC}") = "Main", "Main\Main.csproj", "{71079006-D224-4F1E-AF31-909676E1A513}"
EndProject
Global
	GlobalSection(SolutionConfigurationPlatforms) = preSolution
		Debug|Any CPU = Debug|Any CPU
		Release|Any CPU = Release|Any CPU
	EndGlobalSection
	GlobalSection(ProjectConfigurationPlatforms) = postSolution
		{49F6C896-C6F1-4FFC-8F4A-A128CCC9B277}.Debug|Any CPU.ActiveCfg = Debug|Any CPU
		{49F6C896-C6F1-4FFC-8F4A-A128CCC9B277}.Debug|Any CPU.Build.0 = Debug|Any CPU
		{49F6C896-C6F1-4FFC-8F4A-A128CCC9B277}.Release|Any CPU.ActiveCfg = Release|Any CPU
		{49F6C896-C6F1-4FFC-8F4A-A128CCC9B277}.Release|Any CPU.Build.0 = Release|Any CPU
		{71079006-D224-4F1E-AF31-909676E1A513}.Debug|Any CPU.ActiveCfg = Debug|Any CPU
		{71079006-D224-4F1E-AF31-909676E1A513}.Debug|Any CPU.Build.0 = Debug|Any CPU
		{71079006-D224-4F1E-AF31-909676E1A513}.Release|Any CPU.ActiveCfg = Release|Any CPU
		{71079006-D224-4F1E-AF31-909676E1A513}.Release|Any CPU.Build.0 = Release|Any CPU
	EndGlobalSection
	GlobalSection(SolutionProperties) = preSolution
		HideSolutionNode = FALSE
	EndGlobalSection
	GlobalSection(ExtensibilityGlobals) = postSolution
		SolutionGuid = {14DADCBF-E53E-4F23-B6B2-115280D27CD2}
	EndGlobalSection
EndGlobal
